{
  "nodes": {
    "flake-utils": {
      "locked": {
        "lastModified": 1652776076,
        "narHash": "sha256-gzTw/v1vj4dOVbpBSJX4J0DwUR6LIyXo7/SuuTJp1kM=",
        "owner": "numtide",
        "repo": "flake-utils",
        "rev": "04c1b180862888302ddfb2e3ad9eaa63afc60cf8",
        "type": "github"
      },
      "original": {
        "owner": "numtide",
        "ref": "v1.0.0",
        "repo": "flake-utils",
        "type": "github"
      }
    },
    "nixos": {
      "locked": {
        "lastModified": 1692698134,
        "narHash": "sha256-YtMmZWR/dlTypOcwiZfZTMPr3tj9fwr05QTStfSyDSg=",
        "owner": "NixOS",
        "repo": "nixpkgs",
        "rev": "a16f7eb56e88c8985fcc6eb81dabd6cade4e425a",
        "type": "github"
      },
      "original": {
        "owner": "NixOS",
        "ref": "nixos-23.05",
        "repo": "nixpkgs",
        "type": "github"
      }
    },
    "pythoneda-artifact-git": {
      "inputs": {
        "flake-utils": [
          "flake-utils"
        ],
        "nixos": [
          "nixos"
        ],
        "pythoneda-shared-artifact-changes-events": "pythoneda-shared-artifact-changes-events",
        "pythoneda-shared-artifact-changes-shared": [
          "pythoneda-shared-artifact-changes-shared"
        ],
        "pythoneda-shared-code-requests-events": [
          "pythoneda-shared-code-requests-events"
        ],
        "pythoneda-shared-code-requests-jupyter": "pythoneda-shared-code-requests-jupyter",
        "pythoneda-shared-code-requests-nix-flake": "pythoneda-shared-code-requests-nix-flake",
        "pythoneda-shared-code-requests-shared": [
          "pythoneda-shared-code-requests-shared"
        ],
        "pythoneda-shared-git-shared": "pythoneda-shared-git-shared",
        "pythoneda-shared-pythoneda-banner": [
          "pythoneda-shared-pythoneda-banner"
        ],
        "pythoneda-shared-pythoneda-domain": [
          "pythoneda-shared-pythoneda-domain"
        ]
      },
      "locked": {
        "dir": "git",
        "lastModified": 1692817199,
        "narHash": "sha256-u74X4PfmFlqNdz0KmSrqV+vpoVDhIzIh125MZ1iD5xs=",
        "owner": "pythoneda-artifact",
        "repo": "git-artifact",
        "rev": "a5595dcbef935385ca16e80d7c72a972ec876897",
        "type": "github"
      },
      "original": {
        "dir": "git",
        "owner": "pythoneda-artifact",
        "ref": "0.0.1a2",
        "repo": "git-artifact",
        "type": "github"
      }
    },
    "pythoneda-shared-artifact-changes-events": {
      "inputs": {
        "flake-utils": [
          "pythoneda-artifact-git",
          "flake-utils"
        ],
        "nixos": [
          "pythoneda-artifact-git",
          "nixos"
        ],
        "pythoneda-shared-artifact-changes-shared": [
          "pythoneda-artifact-git",
          "pythoneda-shared-artifact-changes-shared"
        ],
        "pythoneda-shared-code-requests-events": [
          "pythoneda-artifact-git",
          "pythoneda-shared-code-requests-events"
        ],
        "pythoneda-shared-code-requests-shared": [
          "pythoneda-artifact-git",
          "pythoneda-shared-code-requests-shared"
        ],
        "pythoneda-shared-pythoneda-banner": [
          "pythoneda-artifact-git",
          "pythoneda-shared-pythoneda-banner"
        ],
        "pythoneda-shared-pythoneda-domain": [
          "pythoneda-artifact-git",
          "pythoneda-shared-pythoneda-domain"
        ]
      },
      "locked": {
        "dir": "events",
        "lastModified": 1692610786,
        "narHash": "sha256-7Ms3XxF34ZjMhCO8cB8XP0Jc2GnD3Ds7A9uUdagHPCU=",
        "owner": "pythoneda-shared-artifact-changes",
        "repo": "events-artifact",
        "rev": "c9ae5926e882682ba334f0ed3939a4337cad483e",
        "type": "github"
      },
      "original": {
        "dir": "events",
        "owner": "pythoneda-shared-artifact-changes",
        "ref": "0.0.1a15",
        "repo": "events-artifact",
        "type": "github"
      }
    },
    "pythoneda-shared-artifact-changes-events_2": {
      "inputs": {
        "flake-utils": [
          "flake-utils"
        ],
        "nixos": [
          "nixos"
        ],
        "pythoneda-shared-artifact-changes-shared": [
          "pythoneda-shared-artifact-changes-shared"
        ],
        "pythoneda-shared-code-requests-events": [
          "pythoneda-shared-code-requests-events"
        ],
        "pythoneda-shared-code-requests-shared": [
          "pythoneda-shared-code-requests-shared"
        ],
        "pythoneda-shared-pythoneda-banner": [
          "pythoneda-shared-pythoneda-banner"
        ],
        "pythoneda-shared-pythoneda-domain": [
          "pythoneda-shared-pythoneda-domain"
        ]
      },
      "locked": {
        "dir": "events",
        "lastModified": 1692610786,
        "narHash": "sha256-7Ms3XxF34ZjMhCO8cB8XP0Jc2GnD3Ds7A9uUdagHPCU=",
        "owner": "pythoneda-shared-artifact-changes",
        "repo": "events-artifact",
        "rev": "c9ae5926e882682ba334f0ed3939a4337cad483e",
        "type": "github"
      },
      "original": {
        "dir": "events",
        "owner": "pythoneda-shared-artifact-changes",
        "ref": "0.0.1a15",
        "repo": "events-artifact",
        "type": "github"
      }
    },
    "pythoneda-shared-artifact-changes-shared": {
      "inputs": {
        "flake-utils": [
          "flake-utils"
        ],
        "nixos": [
          "nixos"
        ],
        "pythoneda-shared-pythoneda-banner": [
          "pythoneda-shared-pythoneda-banner"
        ],
        "pythoneda-shared-pythoneda-domain": [
          "pythoneda-shared-pythoneda-domain"
        ]
      },
      "locked": {
        "dir": "shared",
        "lastModified": 1692607106,
        "narHash": "sha256-YpriL44CP8y2Ytn7g/LZYT489Au0dbOyGA8VXbVg3Vs=",
        "owner": "pythoneda-shared-artifact-changes",
        "repo": "shared-artifact",
        "rev": "98490575b2a5b29d84b2b8df1948be9ee1980f71",
        "type": "github"
      },
      "original": {
        "dir": "shared",
        "owner": "pythoneda-shared-artifact-changes",
        "ref": "0.0.1a9",
        "repo": "shared-artifact",
        "type": "github"
      }
    },
    "pythoneda-shared-code-requests-events": {
      "inputs": {
        "flake-utils": [
          "flake-utils"
        ],
        "nixos": [
          "nixos"
        ],
        "pythoneda-shared-artifact-changes-shared": [
          "pythoneda-shared-artifact-changes-shared"
        ],
        "pythoneda-shared-code-requests-shared": [
          "pythoneda-shared-code-requests-shared"
        ],
        "pythoneda-shared-pythoneda-banner": [
          "pythoneda-shared-pythoneda-banner"
        ],
        "pythoneda-shared-pythoneda-domain": [
          "pythoneda-shared-pythoneda-domain"
        ]
      },
      "locked": {
        "dir": "events",
        "lastModified": 1692607395,
        "narHash": "sha256-T/Shp+bfID4laIMOpVMzL+naeDEELlBVaxuZClJdR28=",
        "owner": "pythoneda-shared-code-requests",
        "repo": "events-artifact",
        "rev": "8291a33ab69fcbae2b5e9a9dfc1f3fb4dbd84cc2",
        "type": "github"
      },
      "original": {
        "dir": "events",
        "owner": "pythoneda-shared-code-requests",
        "ref": "0.0.1a5",
        "repo": "events-artifact",
        "type": "github"
      }
    },
    "pythoneda-shared-code-requests-jupyter": {
      "inputs": {
        "flake-utils": [
          "pythoneda-artifact-git",
          "flake-utils"
        ],
        "nixos": [
          "pythoneda-artifact-git",
          "nixos"
        ],
        "pythoneda-shared-code-requests-shared": [
          "pythoneda-artifact-git",
          "pythoneda-shared-code-requests-shared"
        ],
        "pythoneda-shared-pythoneda-banner": [
          "pythoneda-artifact-git",
          "pythoneda-shared-pythoneda-banner"
        ],
        "pythoneda-shared-pythoneda-domain": [
          "pythoneda-artifact-git",
          "pythoneda-shared-pythoneda-domain"
        ]
      },
      "locked": {
        "dir": "jupyter",
        "lastModified": 1692608494,
        "narHash": "sha256-zD5TsSJZNl6do2f5OHihugjWv2xoBFb10q2PGKEGQ0Y=",
        "owner": "pythoneda-shared-code-requests",
        "repo": "jupyter-artifact",
        "rev": "47648ccc7bda189bdec67665f4e1aa1129de08f7",
        "type": "github"
      },
      "original": {
        "dir": "jupyter",
        "owner": "pythoneda-shared-code-requests",
        "ref": "0.0.1a4",
        "repo": "jupyter-artifact",
        "type": "github"
      }
    },
    "pythoneda-shared-code-requests-jupyter_2": {
      "inputs": {
        "flake-utils": [
          "flake-utils"
        ],
        "nixos": [
          "nixos"
        ],
        "pythoneda-shared-code-requests-shared": [
          "pythoneda-shared-code-requests-shared"
        ],
        "pythoneda-shared-pythoneda-banner": [
          "pythoneda-shared-pythoneda-banner"
        ],
        "pythoneda-shared-pythoneda-domain": [
          "pythoneda-shared-pythoneda-domain"
        ]
      },
      "locked": {
        "dir": "jupyter",
        "lastModified": 1692608494,
        "narHash": "sha256-zD5TsSJZNl6do2f5OHihugjWv2xoBFb10q2PGKEGQ0Y=",
        "owner": "pythoneda-shared-code-requests",
        "repo": "jupyter-artifact",
        "rev": "47648ccc7bda189bdec67665f4e1aa1129de08f7",
        "type": "github"
      },
      "original": {
        "dir": "jupyter",
        "owner": "pythoneda-shared-code-requests",
        "ref": "0.0.1a4",
        "repo": "jupyter-artifact",
        "type": "github"
      }
    },
    "pythoneda-shared-code-requests-nix-flake": {
      "inputs": {
        "flake-utils": [
          "pythoneda-artifact-git",
          "flake-utils"
        ],
        "nixos": [
          "pythoneda-artifact-git",
          "nixos"
        ],
        "pythoneda-shared-code-requests-shared": [
          "pythoneda-artifact-git",
          "pythoneda-shared-code-requests-shared"
        ],
        "pythoneda-shared-pythoneda-banner": [
          "pythoneda-artifact-git",
          "pythoneda-shared-pythoneda-banner"
        ],
        "pythoneda-shared-pythoneda-domain": [
          "pythoneda-artifact-git",
          "pythoneda-shared-pythoneda-domain"
        ]
      },
      "locked": {
        "dir": "nix-flake",
        "lastModified": 1692608771,
        "narHash": "sha256-EyVM0VB5Q6z/kopqkdSJFXFDbYTOHBiDb6xnK4WbNLo=",
        "owner": "pythoneda-shared-code-requests",
        "repo": "nix-flake-artifact",
        "rev": "5d4348b9a04f5ae6533943f60ffbcc48c374b698",
        "type": "github"
      },
      "original": {
        "dir": "nix-flake",
        "owner": "pythoneda-shared-code-requests",
        "ref": "0.0.1a4",
        "repo": "nix-flake-artifact",
        "type": "github"
      }
    },
    "pythoneda-shared-code-requests-nix-flake_2": {
      "inputs": {
        "flake-utils": [
          "flake-utils"
        ],
        "nixos": [
          "nixos"
        ],
        "pythoneda-shared-code-requests-shared": [
          "pythoneda-shared-code-requests-shared"
        ],
        "pythoneda-shared-pythoneda-banner": [
          "pythoneda-shared-pythoneda-banner"
        ],
        "pythoneda-shared-pythoneda-domain": [
          "pythoneda-shared-pythoneda-domain"
        ]
      },
      "locked": {
        "dir": "nix-flake",
        "lastModified": 1692608771,
        "narHash": "sha256-EyVM0VB5Q6z/kopqkdSJFXFDbYTOHBiDb6xnK4WbNLo=",
        "owner": "pythoneda-shared-code-requests",
        "repo": "nix-flake-artifact",
        "rev": "5d4348b9a04f5ae6533943f60ffbcc48c374b698",
        "type": "github"
      },
      "original": {
        "dir": "nix-flake",
        "owner": "pythoneda-shared-code-requests",
        "ref": "0.0.1a4",
        "repo": "nix-flake-artifact",
        "type": "github"
      }
    },
    "pythoneda-shared-code-requests-shared": {
      "inputs": {
        "flake-utils": [
          "flake-utils"
        ],
        "nixos": [
          "nixos"
        ],
        "pythoneda-shared-pythoneda-banner": [
          "pythoneda-shared-pythoneda-banner"
        ],
        "pythoneda-shared-pythoneda-domain": [
          "pythoneda-shared-pythoneda-domain"
        ]
      },
      "locked": {
        "dir": "shared",
        "lastModified": 1692607250,
        "narHash": "sha256-mEiOVdXoIeJXIIqEEnh/smoYs6oPb/05icFKMNbq/TQ=",
        "owner": "pythoneda-shared-code-requests",
        "repo": "shared-artifact",
        "rev": "d3c5fb80e7d0bf9dd39e38a01fdac49c327b68f8",
        "type": "github"
      },
      "original": {
        "dir": "shared",
        "owner": "pythoneda-shared-code-requests",
        "ref": "0.0.1a5",
        "repo": "shared-artifact",
        "type": "github"
      }
    },
    "pythoneda-shared-git-shared": {
      "inputs": {
        "flake-utils": [
          "pythoneda-artifact-git",
          "flake-utils"
        ],
        "nixos": [
          "pythoneda-artifact-git",
          "nixos"
        ],
        "pythoneda-shared-pythoneda-banner": [
          "pythoneda-artifact-git",
          "pythoneda-shared-pythoneda-banner"
        ],
        "pythoneda-shared-pythoneda-domain": [
          "pythoneda-artifact-git",
          "pythoneda-shared-pythoneda-domain"
        ]
      },
      "locked": {
        "dir": "shared",
        "lastModified": 1692606935,
        "narHash": "sha256-HKmQHUMecAatJESsNCNti1Z1RxF88eDS/pSxiU/29P4=",
        "owner": "pythoneda-shared-git",
        "repo": "shared-artifact",
        "rev": "e1c41cd2fc719fa8ef0be7f6f64c31c559bcdeb5",
        "type": "github"
      },
      "original": {
        "dir": "shared",
        "owner": "pythoneda-shared-git",
        "ref": "0.0.1a13",
        "repo": "shared-artifact",
        "type": "github"
      }
    },
    "pythoneda-shared-git-shared_2": {
      "inputs": {
        "flake-utils": [
          "flake-utils"
        ],
        "nixos": [
          "nixos"
        ],
        "pythoneda-shared-pythoneda-banner": [
          "pythoneda-shared-pythoneda-banner"
        ],
        "pythoneda-shared-pythoneda-domain": [
          "pythoneda-shared-pythoneda-domain"
        ]
      },
      "locked": {
        "dir": "shared",
        "lastModified": 1692606935,
        "narHash": "sha256-HKmQHUMecAatJESsNCNti1Z1RxF88eDS/pSxiU/29P4=",
        "owner": "pythoneda-shared-git",
        "repo": "shared-artifact",
        "rev": "e1c41cd2fc719fa8ef0be7f6f64c31c559bcdeb5",
        "type": "github"
      },
      "original": {
        "dir": "shared",
        "owner": "pythoneda-shared-git",
        "ref": "0.0.1a13",
        "repo": "shared-artifact",
        "type": "github"
      }
    },
    "pythoneda-shared-pythoneda-application": {
      "inputs": {
        "flake-utils": [
          "flake-utils"
        ],
        "nixos": [
          "nixos"
        ],
        "pythoneda-shared-pythoneda-banner": [
          "pythoneda-shared-pythoneda-banner"
        ],
        "pythoneda-shared-pythoneda-domain": [
          "pythoneda-shared-pythoneda-domain"
        ]
      },
      "locked": {
        "dir": "application",
        "lastModified": 1692606689,
        "narHash": "sha256-1zzx79Ap7ByzaKelIVURIxpnUA0kYpIz0kW6EPen5wQ=",
        "owner": "pythoneda-shared-pythoneda",
        "repo": "application-artifact",
        "rev": "5fd15e890d57a501d24d829b74a33cfb896ab1c7",
        "type": "github"
      },
      "original": {
        "dir": "application",
        "owner": "pythoneda-shared-pythoneda",
        "ref": "0.0.1a24",
        "repo": "application-artifact",
        "type": "github"
      }
    },
    "pythoneda-shared-pythoneda-banner": {
      "inputs": {
        "flake-utils": [
          "flake-utils"
        ],
        "nixos": [
          "nixos"
        ]
      },
      "locked": {
        "lastModified": 1692534433,
        "narHash": "sha256-J1tgLjM+5udiM82sGaxIhGGNF/X+2Gn0Wkj+cNX5hiQ=",
        "owner": "pythoneda-shared-pythoneda",
        "repo": "banner",
        "rev": "dda81b55e1bc4ae1cb119ed69c7b8181fcc7e74e",
        "type": "github"
      },
      "original": {
        "owner": "pythoneda-shared-pythoneda",
        "ref": "0.0.1a13",
        "repo": "banner",
        "type": "github"
      }
    },
    "pythoneda-shared-pythoneda-domain": {
      "inputs": {
        "flake-utils": [
          "flake-utils"
        ],
        "nixos": [
          "nixos"
        ],
        "pythoneda-shared-pythoneda-banner": [
          "pythoneda-shared-pythoneda-banner"
        ]
      },
      "locked": {
        "dir": "domain",
        "lastModified": 1692534535,
        "narHash": "sha256-RomvB0S3n1UOqML1YCA24X91AqeY/hZ9SX0oAq1nuXA=",
        "owner": "pythoneda-shared-pythoneda",
        "repo": "domain-artifact",
        "rev": "46e678834f4785abc80b290a895a82d1ff6ec482",
        "type": "github"
      },
      "original": {
        "dir": "domain",
        "owner": "pythoneda-shared-pythoneda",
        "ref": "0.0.1a33",
        "repo": "domain-artifact",
        "type": "github"
      }
    },
    "pythoneda-shared-pythoneda-infrastructure": {
      "inputs": {
        "flake-utils": [
          "flake-utils"
        ],
        "nixos": [
          "nixos"
        ],
        "pythoneda-shared-pythoneda-banner": [
          "pythoneda-shared-pythoneda-banner"
        ],
        "pythoneda-shared-pythoneda-domain": [
          "pythoneda-shared-pythoneda-domain"
        ]
      },
      "locked": {
        "dir": "infrastructure",
        "lastModified": 1692605901,
        "narHash": "sha256-lkvfUYUEp+cgiXwpN84gQeQIFQDHI17G61Y0SlU0OQM=",
        "owner": "pythoneda-shared-pythoneda",
        "repo": "infrastructure-artifact",
        "rev": "9686c4bd411bd9be8ebab3038f3f913fdf2813db",
        "type": "github"
      },
      "original": {
        "dir": "infrastructure",
        "owner": "pythoneda-shared-pythoneda",
        "ref": "0.0.1a20",
        "repo": "infrastructure-artifact",
        "type": "github"
      }
    },
    "root": {
      "inputs": {
        "flake-utils": "flake-utils",
        "nixos": "nixos",
        "pythoneda-artifact-git": "pythoneda-artifact-git",
        "pythoneda-shared-artifact-changes-events": "pythoneda-shared-artifact-changes-events_2",
        "pythoneda-shared-artifact-changes-shared": "pythoneda-shared-artifact-changes-shared",
        "pythoneda-shared-code-requests-events": "pythoneda-shared-code-requests-events",
        "pythoneda-shared-code-requests-jupyter": "pythoneda-shared-code-requests-jupyter_2",
        "pythoneda-shared-code-requests-nix-flake": "pythoneda-shared-code-requests-nix-flake_2",
        "pythoneda-shared-code-requests-shared": "pythoneda-shared-code-requests-shared",
        "pythoneda-shared-git-shared": "pythoneda-shared-git-shared_2",
        "pythoneda-shared-pythoneda-application": "pythoneda-shared-pythoneda-application",
        "pythoneda-shared-pythoneda-banner": "pythoneda-shared-pythoneda-banner",
        "pythoneda-shared-pythoneda-domain": "pythoneda-shared-pythoneda-domain",
        "pythoneda-shared-pythoneda-infrastructure": "pythoneda-shared-pythoneda-infrastructure"
      }
    }
  },
  "root": "root",
  "version": 7
}
